
Microsoft Visual Studio Solution File, Format Version 12.00
# Visual Studio Version 16
VisualStudioVersion = 16.0.29613.14
MinimumVisualStudioVersion = 10.0.40219.1
Project("{2150E333-8FDC-42A3-9474-1A3956D46DE8}") = "Services", "Services", "{F25161F1-9323-4A0F-A148-D07B001A00C5}"
EndProject
Project("{2150E333-8FDC-42A3-9474-1A3956D46DE8}") = "Authorization", "Authorization", "{F59225E8-8543-43A6-9BAB-067F508A1B8E}"
EndProject
Project("{2150E333-8FDC-42A3-9474-1A3956D46DE8}") = "tests", "tests", "{03793596-348D-421B-A785-6DC8FCAC039C}"
EndProject
Project("{9A19103F-16F7-4668-BE54-9A1E7A4F7556}") = "ApplicationLogic", "Services\Authorization\ApplicationLogic\ApplicationLogic.csproj", "{313225DD-71C0-4F3B-B426-B1F9907743FA}"
EndProject
Project("{9A19103F-16F7-4668-BE54-9A1E7A4F7556}") = "AuthorizationService", "Services\Authorization\AuthorizationService\AuthorizationService.csproj", "{FB815593-567C-4755-873F-21BB7599AE58}"
EndProject
Project("{9A19103F-16F7-4668-BE54-9A1E7A4F7556}") = "DataAccessLayer", "Services\Authorization\DataAccessLayer\DataAccessLayer.csproj", "{45B1F531-9403-41AA-88B4-52152EBB3EA5}"
EndProject
Project("{9A19103F-16F7-4668-BE54-9A1E7A4F7556}") = "Infrastructure", "Services\Authorization\Infrastructure\Infrastructure.csproj", "{2E35C4E4-9517-4F79-9FB8-3C45544A0FEA}"
EndProject
Project("{9A19103F-16F7-4668-BE54-9A1E7A4F7556}") = "Models", "Services\Authorization\Models\Models.csproj", "{3B7CC298-DA86-48B7-B192-F58C9A49EF0D}"
EndProject
Project("{9A19103F-16F7-4668-BE54-9A1E7A4F7556}") = "AuthorizationTestClient", "Services\Authorization\tests\AuthorizationTestClient\AuthorizationTestClient.csproj", "{8BC69CA7-2C49-46F9-82A5-A5EEA24E06FE}"
EndProject
Project("{2150E333-8FDC-42A3-9474-1A3956D46DE8}") = "Gateways", "Gateways", "{30F5E1AF-76FF-438E-9F20-BBC1B8A0C430}"
EndProject
Project("{9A19103F-16F7-4668-BE54-9A1E7A4F7556}") = "MobileApiGateway", "Gateways\MobileApiGateway\MobileApiGateway.csproj", "{F6635F93-8977-43F2-BAE0-BB5BE91BD2E7}"
EndProject
Project("{9A19103F-16F7-4668-BE54-9A1E7A4F7556}") = "Infrastructure.Test", "Services\Authorization\tests\Infrastructure.Test\Infrastructure.Test.csproj", "{7E7A7C3F-DC8D-4AF0-A0CD-C529A3B2B858}"
EndProject
Project("{E53339B2-1760-4266-BCC7-CA923CBCF16C}") = "docker-compose", "docker-compose.dcproj", "{61C24DD0-55D6-4C29-A33B-45536F07608E}"
EndProject
Project("{2150E333-8FDC-42A3-9474-1A3956D46DE8}") = "Catalog", "Catalog", "{FAB1E6A4-991A-4C64-9F9B-476E9691D96B}"
EndProject
Project("{9A19103F-16F7-4668-BE54-9A1E7A4F7556}") = "CatalogService", "Services\Catalog\CatalogService\CatalogService.csproj", "{F785F216-C723-4B23-A9A5-0E87F2CFB2F5}"
EndProject
Project("{9A19103F-16F7-4668-BE54-9A1E7A4F7556}") = "Catalog.Models", "Services\Catalog\Catalog.Models\Catalog.Models.csproj", "{B758EAE2-FD6D-49A2-A78D-41BD4FE7246C}"
EndProject
Project("{9A19103F-16F7-4668-BE54-9A1E7A4F7556}") = "CommonLibrary", "Services\CommonLibrary\CommonLibrary.csproj", "{E50FD1FA-8A42-4EE0-B113-11BE6B2E4CC8}"
EndProject
Project("{9A19103F-16F7-4668-BE54-9A1E7A4F7556}") = "Catalog.DataAccessLayer", "Services\Catalog\Catalog.DataAccessLayer\Catalog.DataAccessLayer.csproj", "{5EC09AD2-00A2-4C1D-BC5C-DC0CAF13222B}"
EndProject
Project("{9A19103F-16F7-4668-BE54-9A1E7A4F7556}") = "Catalog.ApplicationLogic", "Services\Catalog\Catalog.ApplicationLogic\Catalog.ApplicationLogic.csproj", "{44A3F4CD-E57A-44B4-BE09-D698BEB722BC}"
EndProject
Project("{2150E333-8FDC-42A3-9474-1A3956D46DE8}") = "BuildingBlocks", "BuildingBlocks", "{B7944D37-A2DF-4533-AC7E-9A1FE11CE4D7}"
EndProject
Project("{9A19103F-16F7-4668-BE54-9A1E7A4F7556}") = "HostingHelpers", "BuildingBlocks\HostingHelpers\HostingHelpers.csproj", "{51F11489-56A9-45DC-9D84-996921374B89}"
EndProject
Project("{2150E333-8FDC-42A3-9474-1A3956D46DE8}") = "tests", "tests", "{EE2F4668-CEF2-4C7F-AF9C-F3D23C664445}"
EndProject
Project("{9A19103F-16F7-4668-BE54-9A1E7A4F7556}") = "Catalog.ApplicationLogic.Tests", "Services\Catalog\tests\Catalog.ApplicationLogic.Tests\Catalog.ApplicationLogic.Tests.csproj", "{93EB6FF0-93B6-4D1F-8104-6831846069AA}"
EndProject
Project("{9A19103F-16F7-4668-BE54-9A1E7A4F7556}") = "EventBus", "BuildingBlocks\EventBus\EventBus.csproj", "{84B9991D-6B67-4EC4-8156-F1D55FA53188}"
EndProject
Project("{2150E333-8FDC-42A3-9474-1A3956D46DE8}") = "Transaction", "Transaction", "{CA2874AD-E03D-4CC7-A17F-F1977EA8CBAA}"
EndProject
Project("{9A19103F-16F7-4668-BE54-9A1E7A4F7556}") = "Transaction.Models", "Services\Transaction\Transaction.Models\Transaction.Models.csproj", "{278905CD-3C70-4452-AFA3-50373CC2BC8B}"
EndProject
Project("{9A19103F-16F7-4668-BE54-9A1E7A4F7556}") = "Transaction.DataAccessLayer", "Services\Transaction\Transaction.DataAccessLayer\Transaction.DataAccessLayer.csproj", "{C6A97ACB-91C0-4EB6-BFB5-17CD6A9B03F1}"
EndProject
Project("{9A19103F-16F7-4668-BE54-9A1E7A4F7556}") = "Transaction.BusinessLogic", "Services\Transaction\Transaction.BusinessLogic\Transaction.BusinessLogic.csproj", "{4EE3BDA0-FB86-4495-A173-153231BED3E0}"
EndProject
Project("{9A19103F-16F7-4668-BE54-9A1E7A4F7556}") = "Transaction.Service", "Services\Transaction\Transaction.Service\Transaction.Service.csproj", "{D6A0E7D9-9F4B-4C75-9615-B49E8ECA4C0C}"
EndProject
Project("{9A19103F-16F7-4668-BE54-9A1E7A4F7556}") = "AdministrationGateway", "Gateways\AdministrationGateway\AdministrationGateway.csproj", "{E1ED045D-A5B6-41DA-A16F-CBFDAD091A48}"
EndProject
Project("{9A19103F-16F7-4668-BE54-9A1E7A4F7556}") = "Authorization.ApplicationLogic.Test", "..\Authorization.ApplicationLogic.Test\Authorization.ApplicationLogic.Test.csproj", "{8B1FB14A-A7E1-4BD6-BCC9-01FB29558EAB}"
EndProject
Global
	GlobalSection(SolutionConfigurationPlatforms) = preSolution
		Debug|Any CPU = Debug|Any CPU
		Release|Any CPU = Release|Any CPU
	EndGlobalSection
	GlobalSection(ProjectConfigurationPlatforms) = postSolution
		{313225DD-71C0-4F3B-B426-B1F9907743FA}.Debug|Any CPU.ActiveCfg = Debug|Any CPU
		{313225DD-71C0-4F3B-B426-B1F9907743FA}.Debug|Any CPU.Build.0 = Debug|Any CPU
		{313225DD-71C0-4F3B-B426-B1F9907743FA}.Release|Any CPU.ActiveCfg = Release|Any CPU
		{313225DD-71C0-4F3B-B426-B1F9907743FA}.Release|Any CPU.Build.0 = Release|Any CPU
		{FB815593-567C-4755-873F-21BB7599AE58}.Debug|Any CPU.ActiveCfg = Debug|Any CPU
		{FB815593-567C-4755-873F-21BB7599AE58}.Debug|Any CPU.Build.0 = Debug|Any CPU
		{FB815593-567C-4755-873F-21BB7599AE58}.Release|Any CPU.ActiveCfg = Release|Any CPU
		{FB815593-567C-4755-873F-21BB7599AE58}.Release|Any CPU.Build.0 = Release|Any CPU
		{45B1F531-9403-41AA-88B4-52152EBB3EA5}.Debug|Any CPU.ActiveCfg = Debug|Any CPU
		{45B1F531-9403-41AA-88B4-52152EBB3EA5}.Debug|Any CPU.Build.0 = Debug|Any CPU
		{45B1F531-9403-41AA-88B4-52152EBB3EA5}.Release|Any CPU.ActiveCfg = Release|Any CPU
		{45B1F531-9403-41AA-88B4-52152EBB3EA5}.Release|Any CPU.Build.0 = Release|Any CPU
		{2E35C4E4-9517-4F79-9FB8-3C45544A0FEA}.Debug|Any CPU.ActiveCfg = Debug|Any CPU
		{2E35C4E4-9517-4F79-9FB8-3C45544A0FEA}.Debug|Any CPU.Build.0 = Debug|Any CPU
		{2E35C4E4-9517-4F79-9FB8-3C45544A0FEA}.Release|Any CPU.ActiveCfg = Release|Any CPU
		{2E35C4E4-9517-4F79-9FB8-3C45544A0FEA}.Release|Any CPU.Build.0 = Release|Any CPU
		{3B7CC298-DA86-48B7-B192-F58C9A49EF0D}.Debug|Any CPU.ActiveCfg = Debug|Any CPU
		{3B7CC298-DA86-48B7-B192-F58C9A49EF0D}.Debug|Any CPU.Build.0 = Debug|Any CPU
		{3B7CC298-DA86-48B7-B192-F58C9A49EF0D}.Release|Any CPU.ActiveCfg = Release|Any CPU
		{3B7CC298-DA86-48B7-B192-F58C9A49EF0D}.Release|Any CPU.Build.0 = Release|Any CPU
		{8BC69CA7-2C49-46F9-82A5-A5EEA24E06FE}.Debug|Any CPU.ActiveCfg = Debug|Any CPU
		{8BC69CA7-2C49-46F9-82A5-A5EEA24E06FE}.Debug|Any CPU.Build.0 = Debug|Any CPU
		{8BC69CA7-2C49-46F9-82A5-A5EEA24E06FE}.Release|Any CPU.ActiveCfg = Release|Any CPU
		{8BC69CA7-2C49-46F9-82A5-A5EEA24E06FE}.Release|Any CPU.Build.0 = Release|Any CPU
		{F6635F93-8977-43F2-BAE0-BB5BE91BD2E7}.Debug|Any CPU.ActiveCfg = Debug|Any CPU
		{F6635F93-8977-43F2-BAE0-BB5BE91BD2E7}.Debug|Any CPU.Build.0 = Debug|Any CPU
		{F6635F93-8977-43F2-BAE0-BB5BE91BD2E7}.Release|Any CPU.ActiveCfg = Release|Any CPU
		{F6635F93-8977-43F2-BAE0-BB5BE91BD2E7}.Release|Any CPU.Build.0 = Release|Any CPU
		{7E7A7C3F-DC8D-4AF0-A0CD-C529A3B2B858}.Debug|Any CPU.ActiveCfg = Debug|Any CPU
		{7E7A7C3F-DC8D-4AF0-A0CD-C529A3B2B858}.Debug|Any CPU.Build.0 = Debug|Any CPU
		{7E7A7C3F-DC8D-4AF0-A0CD-C529A3B2B858}.Release|Any CPU.ActiveCfg = Release|Any CPU
		{7E7A7C3F-DC8D-4AF0-A0CD-C529A3B2B858}.Release|Any CPU.Build.0 = Release|Any CPU
		{61C24DD0-55D6-4C29-A33B-45536F07608E}.Debug|Any CPU.ActiveCfg = Debug|Any CPU
		{61C24DD0-55D6-4C29-A33B-45536F07608E}.Debug|Any CPU.Build.0 = Debug|Any CPU
		{61C24DD0-55D6-4C29-A33B-45536F07608E}.Release|Any CPU.ActiveCfg = Release|Any CPU
		{61C24DD0-55D6-4C29-A33B-45536F07608E}.Release|Any CPU.Build.0 = Release|Any CPU
		{F785F216-C723-4B23-A9A5-0E87F2CFB2F5}.Debug|Any CPU.ActiveCfg = Debug|Any CPU
		{F785F216-C723-4B23-A9A5-0E87F2CFB2F5}.Debug|Any CPU.Build.0 = Debug|Any CPU
		{F785F216-C723-4B23-A9A5-0E87F2CFB2F5}.Release|Any CPU.ActiveCfg = Release|Any CPU
		{F785F216-C723-4B23-A9A5-0E87F2CFB2F5}.Release|Any CPU.Build.0 = Release|Any CPU
		{B758EAE2-FD6D-49A2-A78D-41BD4FE7246C}.Debug|Any CPU.ActiveCfg = Debug|Any CPU
		{B758EAE2-FD6D-49A2-A78D-41BD4FE7246C}.Debug|Any CPU.Build.0 = Debug|Any CPU
		{B758EAE2-FD6D-49A2-A78D-41BD4FE7246C}.Release|Any CPU.ActiveCfg = Release|Any CPU
		{B758EAE2-FD6D-49A2-A78D-41BD4FE7246C}.Release|Any CPU.Build.0 = Release|Any CPU
		{E50FD1FA-8A42-4EE0-B113-11BE6B2E4CC8}.Debug|Any CPU.ActiveCfg = Debug|Any CPU
		{E50FD1FA-8A42-4EE0-B113-11BE6B2E4CC8}.Debug|Any CPU.Build.0 = Debug|Any CPU
		{E50FD1FA-8A42-4EE0-B113-11BE6B2E4CC8}.Release|Any CPU.ActiveCfg = Release|Any CPU
		{E50FD1FA-8A42-4EE0-B113-11BE6B2E4CC8}.Release|Any CPU.Build.0 = Release|Any CPU
		{5EC09AD2-00A2-4C1D-BC5C-DC0CAF13222B}.Debug|Any CPU.ActiveCfg = Debug|Any CPU
		{5EC09AD2-00A2-4C1D-BC5C-DC0CAF13222B}.Debug|Any CPU.Build.0 = Debug|Any CPU
		{5EC09AD2-00A2-4C1D-BC5C-DC0CAF13222B}.Release|Any CPU.ActiveCfg = Release|Any CPU
		{5EC09AD2-00A2-4C1D-BC5C-DC0CAF13222B}.Release|Any CPU.Build.0 = Release|Any CPU
		{44A3F4CD-E57A-44B4-BE09-D698BEB722BC}.Debug|Any CPU.ActiveCfg = Debug|Any CPU
		{44A3F4CD-E57A-44B4-BE09-D698BEB722BC}.Debug|Any CPU.Build.0 = Debug|Any CPU
		{44A3F4CD-E57A-44B4-BE09-D698BEB722BC}.Release|Any CPU.ActiveCfg = Release|Any CPU
		{44A3F4CD-E57A-44B4-BE09-D698BEB722BC}.Release|Any CPU.Build.0 = Release|Any CPU
		{51F11489-56A9-45DC-9D84-996921374B89}.Debug|Any CPU.ActiveCfg = Debug|Any CPU
		{51F11489-56A9-45DC-9D84-996921374B89}.Debug|Any CPU.Build.0 = Debug|Any CPU
		{51F11489-56A9-45DC-9D84-996921374B89}.Release|Any CPU.ActiveCfg = Release|Any CPU
		{51F11489-56A9-45DC-9D84-996921374B89}.Release|Any CPU.Build.0 = Release|Any CPU
		{93EB6FF0-93B6-4D1F-8104-6831846069AA}.Debug|Any CPU.ActiveCfg = Debug|Any CPU
		{93EB6FF0-93B6-4D1F-8104-6831846069AA}.Debug|Any CPU.Build.0 = Debug|Any CPU
		{93EB6FF0-93B6-4D1F-8104-6831846069AA}.Release|Any CPU.ActiveCfg = Release|Any CPU
		{93EB6FF0-93B6-4D1F-8104-6831846069AA}.Release|Any CPU.Build.0 = Release|Any CPU
		{84B9991D-6B67-4EC4-8156-F1D55FA53188}.Debug|Any CPU.ActiveCfg = Debug|Any CPU
		{84B9991D-6B67-4EC4-8156-F1D55FA53188}.Debug|Any CPU.Build.0 = Debug|Any CPU
		{84B9991D-6B67-4EC4-8156-F1D55FA53188}.Release|Any CPU.ActiveCfg = Release|Any CPU
		{84B9991D-6B67-4EC4-8156-F1D55FA53188}.Release|Any CPU.Build.0 = Release|Any CPU
		{278905CD-3C70-4452-AFA3-50373CC2BC8B}.Debug|Any CPU.ActiveCfg = Debug|Any CPU
		{278905CD-3C70-4452-AFA3-50373CC2BC8B}.Debug|Any CPU.Build.0 = Debug|Any CPU
		{278905CD-3C70-4452-AFA3-50373CC2BC8B}.Release|Any CPU.ActiveCfg = Release|Any CPU
		{278905CD-3C70-4452-AFA3-50373CC2BC8B}.Release|Any CPU.Build.0 = Release|Any CPU
		{C6A97ACB-91C0-4EB6-BFB5-17CD6A9B03F1}.Debug|Any CPU.ActiveCfg = Debug|Any CPU
		{C6A97ACB-91C0-4EB6-BFB5-17CD6A9B03F1}.Debug|Any CPU.Build.0 = Debug|Any CPU
		{C6A97ACB-91C0-4EB6-BFB5-17CD6A9B03F1}.Release|Any CPU.ActiveCfg = Release|Any CPU
		{C6A97ACB-91C0-4EB6-BFB5-17CD6A9B03F1}.Release|Any CPU.Build.0 = Release|Any CPU
		{4EE3BDA0-FB86-4495-A173-153231BED3E0}.Debug|Any CPU.ActiveCfg = Debug|Any CPU
		{4EE3BDA0-FB86-4495-A173-153231BED3E0}.Debug|Any CPU.Build.0 = Debug|Any CPU
		{4EE3BDA0-FB86-4495-A173-153231BED3E0}.Release|Any CPU.ActiveCfg = Release|Any CPU
		{4EE3BDA0-FB86-4495-A173-153231BED3E0}.Release|Any CPU.Build.0 = Release|Any CPU
		{D6A0E7D9-9F4B-4C75-9615-B49E8ECA4C0C}.Debug|Any CPU.ActiveCfg = Debug|Any CPU
		{D6A0E7D9-9F4B-4C75-9615-B49E8ECA4C0C}.Debug|Any CPU.Build.0 = Debug|Any CPU
		{D6A0E7D9-9F4B-4C75-9615-B49E8ECA4C0C}.Release|Any CPU.ActiveCfg = Release|Any CPU
		{D6A0E7D9-9F4B-4C75-9615-B49E8ECA4C0C}.Release|Any CPU.Build.0 = Release|Any CPU
		{E1ED045D-A5B6-41DA-A16F-CBFDAD091A48}.Debug|Any CPU.ActiveCfg = Debug|Any CPU
		{E1ED045D-A5B6-41DA-A16F-CBFDAD091A48}.Debug|Any CPU.Build.0 = Debug|Any CPU
		{E1ED045D-A5B6-41DA-A16F-CBFDAD091A48}.Release|Any CPU.ActiveCfg = Release|Any CPU
		{E1ED045D-A5B6-41DA-A16F-CBFDAD091A48}.Release|Any CPU.Build.0 = Release|Any CPU
		{8B1FB14A-A7E1-4BD6-BCC9-01FB29558EAB}.Debug|Any CPU.ActiveCfg = Debug|Any CPU
		{8B1FB14A-A7E1-4BD6-BCC9-01FB29558EAB}.Debug|Any CPU.Build.0 = Debug|Any CPU
		{8B1FB14A-A7E1-4BD6-BCC9-01FB29558EAB}.Release|Any CPU.ActiveCfg = Release|Any CPU
		{8B1FB14A-A7E1-4BD6-BCC9-01FB29558EAB}.Release|Any CPU.Build.0 = Release|Any CPU
	EndGlobalSection
	GlobalSection(SolutionProperties) = preSolution
		HideSolutionNode = FALSE
	EndGlobalSection
	GlobalSection(NestedProjects) = preSolution
		{F59225E8-8543-43A6-9BAB-067F508A1B8E} = {F25161F1-9323-4A0F-A148-D07B001A00C5}
		{03793596-348D-421B-A785-6DC8FCAC039C} = {F59225E8-8543-43A6-9BAB-067F508A1B8E}
		{313225DD-71C0-4F3B-B426-B1F9907743FA} = {F59225E8-8543-43A6-9BAB-067F508A1B8E}
		{FB815593-567C-4755-873F-21BB7599AE58} = {F59225E8-8543-43A6-9BAB-067F508A1B8E}
		{45B1F531-9403-41AA-88B4-52152EBB3EA5} = {F59225E8-8543-43A6-9BAB-067F508A1B8E}
		{2E35C4E4-9517-4F79-9FB8-3C45544A0FEA} = {F59225E8-8543-43A6-9BAB-067F508A1B8E}
		{3B7CC298-DA86-48B7-B192-F58C9A49EF0D} = {F59225E8-8543-43A6-9BAB-067F508A1B8E}
		{8BC69CA7-2C49-46F9-82A5-A5EEA24E06FE} = {03793596-348D-421B-A785-6DC8FCAC039C}
		{F6635F93-8977-43F2-BAE0-BB5BE91BD2E7} = {30F5E1AF-76FF-438E-9F20-BBC1B8A0C430}
		{7E7A7C3F-DC8D-4AF0-A0CD-C529A3B2B858} = {03793596-348D-421B-A785-6DC8FCAC039C}
		{FAB1E6A4-991A-4C64-9F9B-476E9691D96B} = {F25161F1-9323-4A0F-A148-D07B001A00C5}
		{F785F216-C723-4B23-A9A5-0E87F2CFB2F5} = {FAB1E6A4-991A-4C64-9F9B-476E9691D96B}
		{B758EAE2-FD6D-49A2-A78D-41BD4FE7246C} = {FAB1E6A4-991A-4C64-9F9B-476E9691D96B}
		{E50FD1FA-8A42-4EE0-B113-11BE6B2E4CC8} = {F25161F1-9323-4A0F-A148-D07B001A00C5}
		{5EC09AD2-00A2-4C1D-BC5C-DC0CAF13222B} = {FAB1E6A4-991A-4C64-9F9B-476E9691D96B}
		{44A3F4CD-E57A-44B4-BE09-D698BEB722BC} = {FAB1E6A4-991A-4C64-9F9B-476E9691D96B}
		{51F11489-56A9-45DC-9D84-996921374B89} = {B7944D37-A2DF-4533-AC7E-9A1FE11CE4D7}
		{EE2F4668-CEF2-4C7F-AF9C-F3D23C664445} = {FAB1E6A4-991A-4C64-9F9B-476E9691D96B}
		{93EB6FF0-93B6-4D1F-8104-6831846069AA} = {EE2F4668-CEF2-4C7F-AF9C-F3D23C664445}
		{84B9991D-6B67-4EC4-8156-F1D55FA53188} = {B7944D37-A2DF-4533-AC7E-9A1FE11CE4D7}
		{CA2874AD-E03D-4CC7-A17F-F1977EA8CBAA} = {F25161F1-9323-4A0F-A148-D07B001A00C5}
		{278905CD-3C70-4452-AFA3-50373CC2BC8B} = {CA2874AD-E03D-4CC7-A17F-F1977EA8CBAA}
		{C6A97ACB-91C0-4EB6-BFB5-17CD6A9B03F1} = {CA2874AD-E03D-4CC7-A17F-F1977EA8CBAA}
		{4EE3BDA0-FB86-4495-A173-153231BED3E0} = {CA2874AD-E03D-4CC7-A17F-F1977EA8CBAA}
		{D6A0E7D9-9F4B-4C75-9615-B49E8ECA4C0C} = {CA2874AD-E03D-4CC7-A17F-F1977EA8CBAA}
		{E1ED045D-A5B6-41DA-A16F-CBFDAD091A48} = {30F5E1AF-76FF-438E-9F20-BBC1B8A0C430}
		{8B1FB14A-A7E1-4BD6-BCC9-01FB29558EAB} = {03793596-348D-421B-A785-6DC8FCAC039C}
	EndGlobalSection
	GlobalSection(ExtensibilityGlobals) = postSolution
		SolutionGuid = {99BE5EE1-5AB0-4039-AC24-5B59F42DCD30}
	EndGlobalSection
EndGlobal
